
Microsoft Visual Studio Solution File, Format Version 12.00
# Visual Studio Version 16
VisualStudioVersion = 16.0.28803.352
MinimumVisualStudioVersion = 10.0.40219.1
Project("{9A19103F-16F7-4668-BE54-9A1E7A4F7556}") = "Ccshis", "Ccshis\Ccshis.csproj", "{9E61C65E-89DC-481C-B8DB-E71B3B4C6969}"
EndProject
Project("{2150E333-8FDC-42A3-9474-1A3956D46DE8}") = "Component", "Component", "{B6BF8B0F-4FF7-460E-8DB7-43193A1B4621}"
EndProject
Project("{2150E333-8FDC-42A3-9474-1A3956D46DE8}") = "Ccshis.Information", "Ccshis.Information", "{6ED96D06-54A7-440B-8BB7-459BE55E542D}"
EndProject
Project("{9A19103F-16F7-4668-BE54-9A1E7A4F7556}") = "Ccshis.Information.Sms.Ali", "Component\Ccshis.Information\Ccshis.Information.Sms.Ali\Ccshis.Information.Sms.Ali.csproj", "{ABA025E2-DC04-4C2D-B0A7-79B960784AFC}"
EndProject
Project("{2150E333-8FDC-42A3-9474-1A3956D46DE8}") = "Ccshis.Aliyun", "Ccshis.Aliyun", "{34910088-E455-4E35-B06E-204782A4DD1F}"
EndProject
Project("{9A19103F-16F7-4668-BE54-9A1E7A4F7556}") = "Ccshis.Aliyun.LogExtend", "Component\Ccshis.Aliyun\Ccshis.Aliyun.LogExtend\Ccshis.Aliyun.LogExtend.csproj", "{3329A68E-5792-4321-8E26-E65B543CC46E}"
EndProject
Project("{9A19103F-16F7-4668-BE54-9A1E7A4F7556}") = "Ccshis.Component", "Component\Ccshis.Component\Ccshis.Component.csproj", "{975356AB-E2DE-48F1-87A1-1F2E07F629D9}"
EndProject
Project("{2150E333-8FDC-42A3-9474-1A3956D46DE8}") = "Test", "Test", "{3BFCA744-B4CD-42F1-86DB-FB7825454A82}"
EndProject
Project("{9A19103F-16F7-4668-BE54-9A1E7A4F7556}") = "Ccshis.ConsulComponent", "Component\Ccshis.ConsulExtend\Ccshis.ConsulComponent.csproj", "{55A70C22-4CA4-453D-9B29-3DF2CFB41696}"
EndProject
Project("{9A19103F-16F7-4668-BE54-9A1E7A4F7556}") = "Ccshis.ServiceDiscovery.ConsulExtend.Test", "..\Test\Ccshis.ConsulExtend.Test\Ccshis.ServiceDiscovery.ConsulExtend.Test.csproj", "{8D378D01-BE06-4CB1-ADA3-23623B8D107C}"
EndProject
Project("{FAE04EC0-301F-11D3-BF4B-00C04F79EFBC}") = "BaseTest", "..\Test\BaseTest\BaseTest.csproj", "{9A9355B2-6DCE-4105-8F7D-3B962561203A}"
EndProject
Global
	GlobalSection(SolutionConfigurationPlatforms) = preSolution
		Debug|Any CPU = Debug|Any CPU
		Release|Any CPU = Release|Any CPU
	EndGlobalSection
	GlobalSection(ProjectConfigurationPlatforms) = postSolution
		{9E61C65E-89DC-481C-B8DB-E71B3B4C6969}.Debug|Any CPU.ActiveCfg = Debug|Any CPU
		{9E61C65E-89DC-481C-B8DB-E71B3B4C6969}.Debug|Any CPU.Build.0 = Debug|Any CPU
		{9E61C65E-89DC-481C-B8DB-E71B3B4C6969}.Release|Any CPU.ActiveCfg = Release|Any CPU
		{9E61C65E-89DC-481C-B8DB-E71B3B4C6969}.Release|Any CPU.Build.0 = Release|Any CPU
		{ABA025E2-DC04-4C2D-B0A7-79B960784AFC}.Debug|Any CPU.ActiveCfg = Debug|Any CPU
		{ABA025E2-DC04-4C2D-B0A7-79B960784AFC}.Debug|Any CPU.Build.0 = Debug|Any CPU
		{ABA025E2-DC04-4C2D-B0A7-79B960784AFC}.Release|Any CPU.ActiveCfg = Release|Any CPU
		{ABA025E2-DC04-4C2D-B0A7-79B960784AFC}.Release|Any CPU.Build.0 = Release|Any CPU
		{3329A68E-5792-4321-8E26-E65B543CC46E}.Debug|Any CPU.ActiveCfg = Debug|Any CPU
		{3329A68E-5792-4321-8E26-E65B543CC46E}.Debug|Any CPU.Build.0 = Debug|Any CPU
		{3329A68E-5792-4321-8E26-E65B543CC46E}.Release|Any CPU.ActiveCfg = Release|Any CPU
		{3329A68E-5792-4321-8E26-E65B543CC46E}.Release|Any CPU.Build.0 = Release|Any CPU
		{975356AB-E2DE-48F1-87A1-1F2E07F629D9}.Debug|Any CPU.ActiveCfg = Debug|Any CPU
		{975356AB-E2DE-48F1-87A1-1F2E07F629D9}.Debug|Any CPU.Build.0 = Debug|Any CPU
		{975356AB-E2DE-48F1-87A1-1F2E07F629D9}.Release|Any CPU.ActiveCfg = Release|Any CPU
		{975356AB-E2DE-48F1-87A1-1F2E07F629D9}.Release|Any CPU.Build.0 = Release|Any CPU
		{55A70C22-4CA4-453D-9B29-3DF2CFB41696}.Debug|Any CPU.ActiveCfg = Debug|Any CPU
		{55A70C22-4CA4-453D-9B29-3DF2CFB41696}.Debug|Any CPU.Build.0 = Debug|Any CPU
		{55A70C22-4CA4-453D-9B29-3DF2CFB41696}.Release|Any CPU.ActiveCfg = Release|Any CPU
		{55A70C22-4CA4-453D-9B29-3DF2CFB41696}.Release|Any CPU.Build.0 = Release|Any CPU
		{8D378D01-BE06-4CB1-ADA3-23623B8D107C}.Debug|Any CPU.ActiveCfg = Debug|Any CPU
		{8D378D01-BE06-4CB1-ADA3-23623B8D107C}.Debug|Any CPU.Build.0 = Debug|Any CPU
		{8D378D01-BE06-4CB1-ADA3-23623B8D107C}.Release|Any CPU.ActiveCfg = Release|Any CPU
		{8D378D01-BE06-4CB1-ADA3-23623B8D107C}.Release|Any CPU.Build.0 = Release|Any CPU
		{9A9355B2-6DCE-4105-8F7D-3B962561203A}.Debug|Any CPU.ActiveCfg = Debug|Any CPU
		{9A9355B2-6DCE-4105-8F7D-3B962561203A}.Debug|Any CPU.Build.0 = Debug|Any CPU
		{9A9355B2-6DCE-4105-8F7D-3B962561203A}.Release|Any CPU.ActiveCfg = Release|Any CPU
		{9A9355B2-6DCE-4105-8F7D-3B962561203A}.Release|Any CPU.Build.0 = Release|Any CPU
	EndGlobalSection
	GlobalSection(SolutionProperties) = preSolution
		HideSolutionNode = FALSE
	EndGlobalSection
	GlobalSection(NestedProjects) = preSolution
		{6ED96D06-54A7-440B-8BB7-459BE55E542D} = {B6BF8B0F-4FF7-460E-8DB7-43193A1B4621}
		{ABA025E2-DC04-4C2D-B0A7-79B960784AFC} = {6ED96D06-54A7-440B-8BB7-459BE55E542D}
		{34910088-E455-4E35-B06E-204782A4DD1F} = {B6BF8B0F-4FF7-460E-8DB7-43193A1B4621}
		{3329A68E-5792-4321-8E26-E65B543CC46E} = {34910088-E455-4E35-B06E-204782A4DD1F}
		{975356AB-E2DE-48F1-87A1-1F2E07F629D9} = {B6BF8B0F-4FF7-460E-8DB7-43193A1B4621}
		{55A70C22-4CA4-453D-9B29-3DF2CFB41696} = {B6BF8B0F-4FF7-460E-8DB7-43193A1B4621}
		{8D378D01-BE06-4CB1-ADA3-23623B8D107C} = {3BFCA744-B4CD-42F1-86DB-FB7825454A82}
		{9A9355B2-6DCE-4105-8F7D-3B962561203A} = {3BFCA744-B4CD-42F1-86DB-FB7825454A82}
	EndGlobalSection
	GlobalSection(ExtensibilityGlobals) = postSolution
		SolutionGuid = {707A0CCD-84CF-4EDC-9ED1-D785414DE42E}
	EndGlobalSection
EndGlobal
